// !$*UTF8*$!
{
	archiveVersion = 1;
	classes = {
	};
	objectVersion = 77;
	objects = {

/* Begin PBXBuildFile section */
		DBEED7432E46F9F600D967C8 /* FirebaseAuth in Frameworks */ = {isa = PBXBuildFile; productRef = DBEED7422E46F9F600D967C8 /* FirebaseAuth */; };
		DBEED7452E46F9F600D967C8 /* FirebaseCore in Frameworks */ = {isa = PBXBuildFile; productRef = DBEED7442E46F9F600D967C8 /* FirebaseCore */; };
		DBEED7472E46F9F600D967C8 /* FirebaseFirestore in Frameworks */ = {isa = PBXBuildFile; productRef = DBEED7462E46F9F600D967C8 /* FirebaseFirestore */; };
/* End PBXBuildFile section */

/* Begin PBXContainerItemProxy section */
		DB0A6A4F2E465B7E00ADAEF2 /* PBXContainerItemProxy */ = {
			isa = PBXContainerItemProxy;
			containerPortal = DB0A6A382E465B7D00ADAEF2 /* Project object */;
			proxyType = 1;
			remoteGlobalIDString = DB0A6A3F2E465B7D00ADAEF2;
			remoteInfo = WeeklyChef;
		};
		DB0A6A592E465B7E00ADAEF2 /* PBXContainerItemProxy */ = {
			isa = PBXContainerItemProxy;
			containerPortal = DB0A6A382E465B7D00ADAEF2 /* Project object */;
			proxyType = 1;
			remoteGlobalIDString = DB0A6A3F2E465B7D00ADAEF2;
			remoteInfo = WeeklyChef;
		};
/* End PBXContainerItemProxy section */

/* Begin PBXFileReference section */
		DB0A6A402E465B7E00ADAEF2 /* WeeklyChef.app */ = {isa = PBXFileReference; explicitFileType = wrapper.application; includeInIndex = 0; path = WeeklyChef.app; sourceTree = BUILT_PRODUCTS_DIR; };
		DB0A6A4E2E465B7E00ADAEF2 /* WeeklyChefTests.xctest */ = {isa = PBXFileReference; explicitFileType = wrapper.cfbundle; includeInIndex = 0; path = WeeklyChefTests.xctest; sourceTree = BUILT_PRODUCTS_DIR; };
		DB0A6A582E465B7E00ADAEF2 /* WeeklyChefUITests.xctest */ = {isa = PBXFileReference; explicitFileType = wrapper.cfbundle; includeInIndex = 0; path = WeeklyChefUITests.xctest; sourceTree = BUILT_PRODUCTS_DIR; };
/* End PBXFileReference section */

/* Begin PBXFileSystemSynchronizedRootGroup section */
		DB0A6A422E465B7E00ADAEF2 /* WeeklyChef */ = {
			isa = PBXFileSystemSynchronizedRootGroup;
			path = WeeklyChef;
			sourceTree = "<group>";
		};
		DB0A6A512E465B7E00ADAEF2 /* WeeklyChefTests */ = {
			isa = PBXFileSystemSynchronizedRootGroup;
			path = WeeklyChefTests;
			sourceTree = "<group>";
		};
		DB0A6A5B2E465B7E00ADAEF2 /* WeeklyChefUITests */ = {
			isa = PBXFileSystemSynchronizedRootGroup;
			path = WeeklyChefUITests;
			sourceTree = "<group>";
		};
/* End PBXFileSystemSynchronizedRootGroup section */

/* Begin PBXFrameworksBuildPhase section */
		DB0A6A3D2E465B7D00ADAEF2 /* Frameworks */ = {
			isa = PBXFrameworksBuildPhase;
			buildActionMask = 2147483647;
			files = (
				DBEED7452E46F9F600D967C8 /* FirebaseCore in Frameworks */,
				DBEED7432E46F9F600D967C8 /* FirebaseAuth in Frameworks */,
				DBEED7472E46F9F600D967C8 /* FirebaseFirestore in Frameworks */,
			);
			runOnlyForDeploymentPostprocessing = 0;
		};
		DB0A6A4B2E465B7E00ADAEF2 /* Frameworks */ = {
			isa = PBXFrameworksBuildPhase;
			buildActionMask = 2147483647;
			files = (
			);
			runOnlyForDeploymentPostprocessing = 0;
		};
		DB0A6A552E465B7E00ADAEF2 /* Frameworks */ = {
			isa = PBXFrameworksBuildPhase;
			buildActionMask = 2147483647;
			files = (
			);
			runOnlyForDeploymentPostprocessing = 0;
		};
/* End PBXFrameworksBuildPhase section */

/* Begin PBXGroup section */
		DB0A6A372E465B7D00ADAEF2 = {
			isa = PBXGroup;
			children = (
				DB0A6A422E465B7E00ADAEF2 /* WeeklyChef */,
				DB0A6A512E465B7E00ADAEF2 /* WeeklyChefTests */,
				DB0A6A5B2E465B7E00ADAEF2 /* WeeklyChefUITests */,
				DBEED7412E46F9F600D967C8 /* Frameworks */,
				DB0A6A412E465B7E00ADAEF2 /* Products */,
			);
			sourceTree = "<group>";
		};
		DB0A6A412E465B7E00ADAEF2 /* Products */ = {
			isa = PBXGroup;
			children = (
				DB0A6A402E465B7E00ADAEF2 /* WeeklyChef.app */,
				DB0A6A4E2E465B7E00ADAEF2 /* WeeklyChefTests.xctest */,
				DB0A6A582E465B7E00ADAEF2 /* WeeklyChefUITests.xctest */,
			);
			name = Products;
			sourceTree = "<group>";
		};
		DBEED7412E46F9F600D967C8 /* Frameworks */ = {
			isa = PBXGroup;
			children = (
			);
			name = Frameworks;
			sourceTree = "<group>";
		};
/* End PBXGroup section */

/* Begin PBXNativeTarget section */
		DB0A6A3F2E465B7D00ADAEF2 /* WeeklyChef */ = {
			isa = PBXNativeTarget;
			buildConfigurationList = DB0A6A622E465B7E00ADAEF2 /* Build configuration list for PBXNativeTarget "WeeklyChef" */;
			buildPhases = (
				DB0A6A3C2E465B7D00ADAEF2 /* Sources */,
				DB0A6A3D2E465B7D00ADAEF2 /* Frameworks */,
				DB0A6A3E2E465B7D00ADAEF2 /* Resources */,
			);
			buildRules = (
			);
			dependencies = (
			);
			fileSystemSynchronizedGroups = (
				DB0A6A422E465B7E00ADAEF2 /* WeeklyChef */,
			);
			name = WeeklyChef;
			packageProductDependencies = (
				DBEED7422E46F9F600D967C8 /* FirebaseAuth */,
				DBEED7442E46F9F600D967C8 /* FirebaseCore */,
				DBEED7462E46F9F600D967C8 /* FirebaseFirestore */,
			);
			productName = WeeklyChef;
			productReference = DB0A6A402E465B7E00ADAEF2 /* WeeklyChef.app */;
			productType = "com.apple.product-type.application";
		};
		DB0A6A4D2E465B7E00ADAEF2 /* WeeklyChefTests */ = {
			isa = PBXNativeTarget;
			buildConfigurationList = DB0A6A652E465B7E00ADAEF2 /* Build configuration list for PBXNativeTarget "WeeklyChefTests" */;
			buildPhases = (
				DB0A6A4A2E465B7E00ADAEF2 /* Sources */,
				DB0A6A4B2E465B7E00ADAEF2 /* Frameworks */,
				DB0A6A4C2E465B7E00ADAEF2 /* Resources */,
			);
			buildRules = (
			);
			dependencies = (
				DB0A6A502E465B7E00ADAEF2 /* PBXTargetDependency */,
			);
			fileSystemSynchronizedGroups = (
				DB0A6A512E465B7E00ADAEF2 /* WeeklyChefTests */,
			);
			name = WeeklyChefTests;
			packageProductDependencies = (
			);
			productName = WeeklyChefTests;
			productReference = DB0A6A4E2E465B7E00ADAEF2 /* WeeklyChefTests.xctest */;
			productType = "com.apple.product-type.bundle.unit-test";
		};
		DB0A6A572E465B7E00ADAEF2 /* WeeklyChefUITests */ = {
			isa = PBXNativeTarget;
			buildConfigurationList = DB0A6A682E465B7E00ADAEF2 /* Build configuration list for PBXNativeTarget "WeeklyChefUITests" */;
			buildPhases = (
				DB0A6A542E465B7E00ADAEF2 /* Sources */,
				DB0A6A552E465B7E00ADAEF2 /* Frameworks */,
				DB0A6A562E465B7E00ADAEF2 /* Resources */,
			);
			buildRules = (
			);
			dependencies = (
				DB0A6A5A2E465B7E00ADAEF2 /* PBXTargetDependency */,
			);
			fileSystemSynchronizedGroups = (
				DB0A6A5B2E465B7E00ADAEF2 /* WeeklyChefUITests */,
			);
			name = WeeklyChefUITests;
			packageProductDependencies = (
			);
			productName = WeeklyChefUITests;
			productReference = DB0A6A582E465B7E00ADAEF2 /* WeeklyChefUITests.xctest */;
			productType = "com.apple.product-type.bundle.ui-testing";
		};
/* End PBXNativeTarget section */

/* Begin PBXProject section */
		DB0A6A382E465B7D00ADAEF2 /* Project object */ = {
			isa = PBXProject;
			attributes = {
				BuildIndependentTargetsInParallel = 1;
				LastSwiftUpdateCheck = 1640;
				LastUpgradeCheck = 1640;
				TargetAttributes = {
					DB0A6A3F2E465B7D00ADAEF2 = {
						CreatedOnToolsVersion = 16.4;
					};
					DB0A6A4D2E465B7E00ADAEF2 = {
						CreatedOnToolsVersion = 16.4;
						TestTargetID = DB0A6A3F2E465B7D00ADAEF2;
					};
					DB0A6A572E465B7E00ADAEF2 = {
						CreatedOnToolsVersion = 16.4;
						TestTargetID = DB0A6A3F2E465B7D00ADAEF2;
					};
				};
			};
			buildConfigurationList = DB0A6A3B2E465B7D00ADAEF2 /* Build configuration list for PBXProject "WeeklyChef" */;
			developmentRegion = en;
			hasScannedForEncodings = 0;
			knownRegions = (
				en,
				Base,
			);
			mainGroup = DB0A6A372E465B7D00ADAEF2;
			minimizedProjectReferenceProxies = 1;
			packageReferences = (
				DBEED7402E46EDD800D967C8 /* XCRemoteSwiftPackageReference "firebase-ios-sdk" */,
			);
			preferredProjectObjectVersion = 77;
			productRefGroup = DB0A6A412E465B7E00ADAEF2 /* Products */;
			projectDirPath = "";
			projectRoot = "";
			targets = (
				DB0A6A3F2E465B7D00ADAEF2 /* WeeklyChef */,
				DB0A6A4D2E465B7E00ADAEF2 /* WeeklyChefTests */,
				DB0A6A572E465B7E00ADAEF2 /* WeeklyChefUITests */,
			);
		};
/* End PBXProject section */

/* Begin PBXResourcesBuildPhase section */
		DB0A6A3E2E465B7D00ADAEF2 /* Resources */ = {
			isa = PBXResourcesBuildPhase;
			buildActionMask = 2147483647;
			files = (
			);
			runOnlyForDeploymentPostprocessing = 0;
		};
		DB0A6A4C2E465B7E00ADAEF2 /* Resources */ = {
			isa = PBXResourcesBuildPhase;
			buildActionMask = 2147483647;
			files = (
			);
			runOnlyForDeploymentPostprocessing = 0;
		};
		DB0A6A562E465B7E00ADAEF2 /* Resources */ = {
			isa = PBXResourcesBuildPhase;
			buildActionMask = 2147483647;
			files = (
			);
			runOnlyForDeploymentPostprocessing = 0;
		};
/* End PBXResourcesBuildPhase section */

/* Begin PBXSourcesBuildPhase section */
		DB0A6A3C2E465B7D00ADAEF2 /* Sources */ = {
			isa = PBXSourcesBuildPhase;
			buildActionMask = 2147483647;
			files = (
			);
			runOnlyForDeploymentPostprocessing = 0;
		};
		DB0A6A4A2E465B7E00ADAEF2 /* Sources */ = {
			isa = PBXSourcesBuildPhase;
			buildActionMask = 2147483647;
			files = (
			);
			runOnlyForDeploymentPostprocessing = 0;
		};
		DB0A6A542E465B7E00ADAEF2 /* Sources */ = {
			isa = PBXSourcesBuildPhase;
			buildActionMask = 2147483647;
			files = (
			);
			runOnlyForDeploymentPostprocessing = 0;
		};
/* End PBXSourcesBuildPhase section */

/* Begin PBXTargetDependency section */
		DB0A6A502E465B7E00ADAEF2 /* PBXTargetDependency */ = {
			isa = PBXTargetDependency;
			target = DB0A6A3F2E465B7D00ADAEF2 /* WeeklyChef */;
			targetProxy = DB0A6A4F2E465B7E00ADAEF2 /* PBXContainerItemProxy */;
		};
		DB0A6A5A2E465B7E00ADAEF2 /* PBXTargetDependency */ = {
			isa = PBXTargetDependency;
			target = DB0A6A3F2E465B7D00ADAEF2 /* WeeklyChef */;
			targetProxy = DB0A6A592E465B7E00ADAEF2 /* PBXContainerItemProxy */;
		};
/* End PBXTargetDependency section */

/* Begin XCBuildConfiguration section */
		DB0A6A602E465B7E00ADAEF2 /* Debug */ = {
			isa = XCBuildConfiguration;
			buildSettings = {
				ALWAYS_SEARCH_USER_PATHS = NO;
				ASSETCATALOG_COMPILER_GENERATE_SWIFT_ASSET_SYMBOL_EXTENSIONS = YES;
				CLANG_ANALYZER_NONNULL = YES;
				CLANG_ANALYZER_NUMBER_OBJECT_CONVERSION = YES_AGGRESSIVE;
				CLANG_CXX_LANGUAGE_STANDARD = "gnu++20";
				CLANG_ENABLE_MODULES = YES;
				CLANG_ENABLE_OBJC_ARC = YES;
				CLANG_ENABLE_OBJC_WEAK = YES;
				CLANG_WARN_BLOCK_CAPTURE_AUTORELEASING = YES;
				CLANG_WARN_BOOL_CONVERSION = YES;
				CLANG_WARN_COMMA = YES;
				CLANG_WARN_CONSTANT_CONVERSION = YES;
				CLANG_WARN_DEPRECATED_OBJC_IMPLEMENTATIONS = YES;
				CLANG_WARN_DIRECT_OBJC_ISA_USAGE = YES_ERROR;
				CLANG_WARN_DOCUMENTATION_COMMENTS = YES;
				CLANG_WARN_EMPTY_BODY = YES;
				CLANG_WARN_ENUM_CONVERSION = YES;
				CLANG_WARN_INFINITE_RECURSION = YES;
				CLANG_WARN_INT_CONVERSION = YES;
				CLANG_WARN_NON_LITERAL_NULL_CONVERSION = YES;
				CLANG_WARN_OBJC_IMPLICIT_RETAIN_SELF = YES;
				CLANG_WARN_OBJC_LITERAL_CONVERSION = YES;
				CLANG_WARN_OBJC_ROOT_CLASS = YES_ERROR;
				CLANG_WARN_QUOTED_INCLUDE_IN_FRAMEWORK_HEADER = YES;
				CLANG_WARN_RANGE_LOOP_ANALYSIS = YES;
				CLANG_WARN_STRICT_PROTOTYPES = YES;
				CLANG_WARN_SUSPICIOUS_MOVE = YES;
				CLANG_WARN_UNGUARDED_AVAILABILITY = YES_AGGRESSIVE;
				CLANG_WARN_UNREACHABLE_CODE = YES;
				CLANG_WARN__DUPLICATE_METHOD_MATCH = YES;
				COPY_PHASE_STRIP = NO;
				DEBUG_INFORMATION_FORMAT = dwarf;
				ENABLE_STRICT_OBJC_MSGSEND = YES;
				ENABLE_TESTABILITY = YES;
				ENABLE_USER_SCRIPT_SANDBOXING = YES;
				GCC_C_LANGUAGE_STANDARD = gnu17;
				GCC_DYNAMIC_NO_PIC = NO;
				GCC_NO_COMMON_BLOCKS = YES;
				GCC_OPTIMIZATION_LEVEL = 0;
				GCC_PREPROCESSOR_DEFINITIONS = (
					"DEBUG=1",
					"$(inherited)",
				);
				GCC_WARN_64_TO_32_BIT_CONVERSION = YES;
				GCC_WARN_ABOUT_RETURN_TYPE = YES_ERROR;
				GCC_WARN_UNDECLARED_SELECTOR = YES;
				GCC_WARN_UNINITIALIZED_AUTOS = YES_AGGRESSIVE;
				GCC_WARN_UNUSED_FUNCTION = YES;
				GCC_WARN_UNUSED_VARIABLE = YES;
				LOCALIZATION_PREFERS_STRING_CATALOGS = YES;
				MTL_ENABLE_DEBUG_INFO = INCLUDE_SOURCE;
				MTL_FAST_MATH = YES;
				ONLY_ACTIVE_ARCH = YES;
				SWIFT_ACTIVE_COMPILATION_CONDITIONS = "DEBUG $(inherited)";
				SWIFT_OPTIMIZATION_LEVEL = "-Onone";
			};
			name = Debug;
		};
		DB0A6A612E465B7E00ADAEF2 /* Release */ = {
			isa = XCBuildConfiguration;
			buildSettings = {
				ALWAYS_SEARCH_USER_PATHS = NO;
				ASSETCATALOG_COMPILER_GENERATE_SWIFT_ASSET_SYMBOL_EXTENSIONS = YES;
				CLANG_ANALYZER_NONNULL = YES;
				CLANG_ANALYZER_NUMBER_OBJECT_CONVERSION = YES_AGGRESSIVE;
				CLANG_CXX_LANGUAGE_STANDARD = "gnu++20";
				CLANG_ENABLE_MODULES = YES;
				CLANG_ENABLE_OBJC_ARC = YES;
				CLANG_ENABLE_OBJC_WEAK = YES;
				CLANG_WARN_BLOCK_CAPTURE_AUTORELEASING = YES;
				CLANG_WARN_BOOL_CONVERSION = YES;
				CLANG_WARN_COMMA = YES;
				CLANG_WARN_CONSTANT_CONVERSION = YES;
				CLANG_WARN_DEPRECATED_OBJC_IMPLEMENTATIONS = YES;
				CLANG_WARN_DIRECT_OBJC_ISA_USAGE = YES_ERROR;
				CLANG_WARN_DOCUMENTATION_COMMENTS = YES;
				CLANG_WARN_EMPTY_BODY = YES;
				CLANG_WARN_ENUM_CONVERSION = YES;
				CLANG_WARN_INFINITE_RECURSION = YES;
				CLANG_WARN_INT_CONVERSION = YES;
				CLANG_WARN_NON_LITERAL_NULL_CONVERSION = YES;
				CLANG_WARN_OBJC_IMPLICIT_RETAIN_SELF = YES;
				CLANG_WARN_OBJC_LITERAL_CONVERSION = YES;
				CLANG_WARN_OBJC_ROOT_CLASS = YES_ERROR;
				CLANG_WARN_QUOTED_INCLUDE_IN_FRAMEWORK_HEADER = YES;
				CLANG_WARN_RANGE_LOOP_ANALYSIS = YES;
				CLANG_WARN_STRICT_PROTOTYPES = YES;
				CLANG_WARN_SUSPICIOUS_MOVE = YES;
				CLANG_WARN_UNGUARDED_AVAILABILITY = YES_AGGRESSIVE;
				CLANG_WARN_UNREACHABLE_CODE = YES;
				CLANG_WARN__DUPLICATE_METHOD_MATCH = YES;
				COPY_PHASE_STRIP = NO;
				DEBUG_INFORMATION_FORMAT = "dwarf-with-dsym";
				ENABLE_NS_ASSERTIONS = NO;
				ENABLE_STRICT_OBJC_MSGSEND = YES;
				ENABLE_USER_SCRIPT_SANDBOXING = YES;
				GCC_C_LANGUAGE_STANDARD = gnu17;
				GCC_NO_COMMON_BLOCKS = YES;
				GCC_WARN_64_TO_32_BIT_CONVERSION = YES;
				GCC_WARN_ABOUT_RETURN_TYPE = YES_ERROR;
				GCC_WARN_UNDECLARED_SELECTOR = YES;
				GCC_WARN_UNINITIALIZED_AUTOS = YES_AGGRESSIVE;
				GCC_WARN_UNUSED_FUNCTION = YES;
				GCC_WARN_UNUSED_VARIABLE = YES;
				LOCALIZATION_PREFERS_STRING_CATALOGS = YES;
				MTL_ENABLE_DEBUG_INFO = NO;
				MTL_FAST_MATH = YES;
				SWIFT_COMPILATION_MODE = wholemodule;
			};
			name = Release;
		};
		DB0A6A632E465B7E00ADAEF2 /* Debug */ = {
			isa = XCBuildConfiguration;
			buildSettings = {
				ASSETCATALOG_COMPILER_APPICON_NAME = AppIcon;
				ASSETCATALOG_COMPILER_GLOBAL_ACCENT_COLOR_NAME = AccentColor;
				CODE_SIGN_ENTITLEMENTS = WeeklyChef/WeeklyChef.entitlements;
				CODE_SIGN_STYLE = Automatic;
				CURRENT_PROJECT_VERSION = 1;
				ENABLE_PREVIEWS = YES;
				GENERATE_INFOPLIST_FILE = YES;
				"INFOPLIST_KEY_UIApplicationSceneManifest_Generation[sdk=iphoneos*]" = YES;
				"INFOPLIST_KEY_UIApplicationSceneManifest_Generation[sdk=iphonesimulator*]" = YES;
				"INFOPLIST_KEY_UIApplicationSupportsIndirectInputEvents[sdk=iphoneos*]" = YES;
				"INFOPLIST_KEY_UIApplicationSupportsIndirectInputEvents[sdk=iphonesimulator*]" = YES;
				"INFOPLIST_KEY_UILaunchScreen_Generation[sdk=iphoneos*]" = YES;
				"INFOPLIST_KEY_UILaunchScreen_Generation[sdk=iphonesimulator*]" = YES;
				"INFOPLIST_KEY_UIStatusBarStyle[sdk=iphoneos*]" = UIStatusBarStyleDefault;
				"INFOPLIST_KEY_UIStatusBarStyle[sdk=iphonesimulator*]" = UIStatusBarStyleDefault;
				INFOPLIST_KEY_UISupportedInterfaceOrientations_iPad = "UIInterfaceOrientationPortrait UIInterfaceOrientationPortraitUpsideDown UIInterfaceOrientationLandscapeLeft UIInterfaceOrientationLandscapeRight";
				INFOPLIST_KEY_UISupportedInterfaceOrientations_iPhone = "UIInterfaceOrientationPortrait UIInterfaceOrientationLandscapeLeft UIInterfaceOrientationLandscapeRight";
				IPHONEOS_DEPLOYMENT_TARGET = 18.5;
				LD_RUNPATH_SEARCH_PATHS = "@executable_path/Frameworks";
				"LD_RUNPATH_SEARCH_PATHS[sdk=macosx*]" = "@executable_path/../Frameworks";
				MACOSX_DEPLOYMENT_TARGET = 15.5;
				MARKETING_VERSION = 1.0;
				PRODUCT_BUNDLE_IDENTIFIER = me.WeeklyChef;
				PRODUCT_NAME = "$(TARGET_NAME)";
				REGISTER_APP_GROUPS = YES;
				SDKROOT = auto;
				SUPPORTED_PLATFORMS = "iphoneos iphonesimulator macosx xros xrsimulator";
				SWIFT_EMIT_LOC_STRINGS = YES;
				SWIFT_VERSION = 5.0;
				TARGETED_DEVICE_FAMILY = "1,2,7";
				XROS_DEPLOYMENT_TARGET = 2.5;
			};
			name = Debug;
		};
		DB0A6A642E465B7E00ADAEF2 /* Release */ = {
			isa = XCBuildConfiguration;
			buildSettings = {
				ASSETCATALOG_COMPILER_APPICON_NAME = AppIcon;
				ASSETCATALOG_COMPILER_GLOBAL_ACCENT_COLOR_NAME = AccentColor;
				CODE_SIGN_ENTITLEMENTS = WeeklyChef/WeeklyChef.entitlements;
				CODE_SIGN_STYLE = Automatic;
				CURRENT_PROJECT_VERSION = 1;
				ENABLE_PREVIEWS = YES;
				GENERATE_INFOPLIST_FILE = YES;
				"INFOPLIST_KEY_UIApplicationSceneManifest_Generation[sdk=iphoneos*]" = YES;
				"INFOPLIST_KEY_UIApplicationSceneManifest_Generation[sdk=iphonesimulator*]" = YES;
				"INFOPLIST_KEY_UIApplicationSupportsIndirectInputEvents[sdk=iphoneos*]" = YES;
				"INFOPLIST_KEY_UIApplicationSupportsIndirectInputEvents[sdk=iphonesimulator*]" = YES;
				"INFOPLIST_KEY_UILaunchScreen_Generation[sdk=iphoneos*]" = YES;
				"INFOPLIST_KEY_UILaunchScreen_Generation[sdk=iphonesimulator*]" = YES;
				"INFOPLIST_KEY_UIStatusBarStyle[sdk=iphoneos*]" = UIStatusBarStyleDefault;
				"INFOPLIST_KEY_UIStatusBarStyle[sdk=iphonesimulator*]" = UIStatusBarStyleDefault;
				INFOPLIST_KEY_UISupportedInterfaceOrientations_iPad = "UIInterfaceOrientationPortrait UIInterfaceOrientationPortraitUpsideDown UIInterfaceOrientationLandscapeLeft UIInterfaceOrientationLandscapeRight";
				INFOPLIST_KEY_UISupportedInterfaceOrientations_iPhone = "UIInterfaceOrientationPortrait UIInterfaceOrientationLandscapeLeft UIInterfaceOrientationLandscapeRight";
				IPHONEOS_DEPLOYMENT_TARGET = 18.5;
				LD_RUNPATH_SEARCH_PATHS = "@executable_path/Frameworks";
				"LD_RUNPATH_SEARCH_PATHS[sdk=macosx*]" = "@executable_path/../Frameworks";
				MACOSX_DEPLOYMENT_TARGET = 15.5;
				MARKETING_VERSION = 1.0;
				PRODUCT_BUNDLE_IDENTIFIER = me.WeeklyChef;
				PRODUCT_NAME = "$(TARGET_NAME)";
				REGISTER_APP_GROUPS = YES;
				SDKROOT = auto;
				SUPPORTED_PLATFORMS = "iphoneos iphonesimulator macosx xros xrsimulator";
				SWIFT_EMIT_LOC_STRINGS = YES;
				SWIFT_VERSION = 5.0;
				TARGETED_DEVICE_FAMILY = "1,2,7";
				XROS_DEPLOYMENT_TARGET = 2.5;
			};
			name = Release;
		};
		DB0A6A662E465B7E00ADAEF2 /* Debug */ = {
			isa = XCBuildConfiguration;
			buildSettings = {
				BUNDLE_LOADER = "$(TEST_HOST)";
				CODE_SIGN_STYLE = Automatic;
				CURRENT_PROJECT_VERSION = 1;
				GENERATE_INFOPLIST_FILE = YES;
				IPHONEOS_DEPLOYMENT_TARGET = 18.5;
				MACOSX_DEPLOYMENT_TARGET = 15.5;
				MARKETING_VERSION = 1.0;
				PRODUCT_BUNDLE_IDENTIFIER = me.WeeklyChefTests;
				PRODUCT_NAME = "$(TARGET_NAME)";
				SDKROOT = auto;
				SUPPORTED_PLATFORMS = "iphoneos iphonesimulator macosx xros xrsimulator";
				SWIFT_EMIT_LOC_STRINGS = NO;
				SWIFT_VERSION = 5.0;
				TARGETED_DEVICE_FAMILY = "1,2,7";
				TEST_HOST = "$(BUILT_PRODUCTS_DIR)/WeeklyChef.app/$(BUNDLE_EXECUTABLE_FOLDER_PATH)/WeeklyChef";
				XROS_DEPLOYMENT_TARGET = 2.5;
			};
			name = Debug;
		};
		DB0A6A672E465B7E00ADAEF2 /* Release */ = {
			isa = XCBuildConfiguration;
			buildSettings = {
				BUNDLE_LOADER = "$(TEST_HOST)";
				CODE_SIGN_STYLE = Automatic;
				CURRENT_PROJECT_VERSION = 1;
				GENERATE_INFOPLIST_FILE = YES;
				IPHONEOS_DEPLOYMENT_TARGET = 18.5;
				MACOSX_DEPLOYMENT_TARGET = 15.5;
				MARKETING_VERSION = 1.0;
				PRODUCT_BUNDLE_IDENTIFIER = me.WeeklyChefTests;
				PRODUCT_NAME = "$(TARGET_NAME)";
				SDKROOT = auto;
				SUPPORTED_PLATFORMS = "iphoneos iphonesimulator macosx xros xrsimulator";
				SWIFT_EMIT_LOC_STRINGS = NO;
				SWIFT_VERSION = 5.0;
				TARGETED_DEVICE_FAMILY = "1,2,7";
				TEST_HOST = "$(BUILT_PRODUCTS_DIR)/WeeklyChef.app/$(BUNDLE_EXECUTABLE_FOLDER_PATH)/WeeklyChef";
				XROS_DEPLOYMENT_TARGET = 2.5;
			};
			name = Release;
		};
		DB0A6A692E465B7E00ADAEF2 /* Debug */ = {
			isa = XCBuildConfiguration;
			buildSettings = {
				CODE_SIGN_STYLE = Automatic;
				CURRENT_PROJECT_VERSION = 1;
				GENERATE_INFOPLIST_FILE = YES;
				IPHONEOS_DEPLOYMENT_TARGET = 18.5;
				MACOSX_DEPLOYMENT_TARGET = 15.5;
				MARKETING_VERSION = 1.0;
				PRODUCT_BUNDLE_IDENTIFIER = me.WeeklyChefUITests;
				PRODUCT_NAME = "$(TARGET_NAME)";
				SDKROOT = auto;
				SUPPORTED_PLATFORMS = "iphoneos iphonesimulator macosx xros xrsimulator";
				SWIFT_EMIT_LOC_STRINGS = NO;
				SWIFT_VERSION = 5.0;
				TARGETED_DEVICE_FAMILY = "1,2,7";
				TEST_TARGET_NAME = WeeklyChef;
				XROS_DEPLOYMENT_TARGET = 2.5;
			};
			name = Debug;
		};
		DB0A6A6A2E465B7E00ADAEF2 /* Release */ = {
			isa = XCBuildConfiguration;
			buildSettings = {
				CODE_SIGN_STYLE = Automatic;
				CURRENT_PROJECT_VERSION = 1;
				GENERATE_INFOPLIST_FILE = YES;
				IPHONEOS_DEPLOYMENT_TARGET = 18.5;
				MACOSX_DEPLOYMENT_TARGET = 15.5;
				MARKETING_VERSION = 1.0;
				PRODUCT_BUNDLE_IDENTIFIER = me.WeeklyChefUITests;
				PRODUCT_NAME = "$(TARGET_NAME)";
				SDKROOT = auto;
				SUPPORTED_PLATFORMS = "iphoneos iphonesimulator macosx xros xrsimulator";
				SWIFT_EMIT_LOC_STRINGS = NO;
				SWIFT_VERSION = 5.0;
				TARGETED_DEVICE_FAMILY = "1,2,7";
				TEST_TARGET_NAME = WeeklyChef;
				XROS_DEPLOYMENT_TARGET = 2.5;
			};
			name = Release;
		};
/* End XCBuildConfiguration section */

/* Begin XCConfigurationList section */
		DB0A6A3B2E465B7D00ADAEF2 /* Build configuration list for PBXProject "WeeklyChef" */ = {
			isa = XCConfigurationList;
			buildConfigurations = (
				DB0A6A602E465B7E00ADAEF2 /* Debug */,
				DB0A6A612E465B7E00ADAEF2 /* Release */,
			);
			defaultConfigurationIsVisible = 0;
			defaultConfigurationName = Release;
		};
		DB0A6A622E465B7E00ADAEF2 /* Build configuration list for PBXNativeTarget "WeeklyChef" */ = {
			isa = XCConfigurationList;
			buildConfigurations = (
				DB0A6A632E465B7E00ADAEF2 /* Debug */,
				DB0A6A642E465B7E00ADAEF2 /* Release */,
			);
			defaultConfigurationIsVisible = 0;
			defaultConfigurationName = Release;
		};
		DB0A6A652E465B7E00ADAEF2 /* Build configuration list for PBXNativeTarget "WeeklyChefTests" */ = {
			isa = XCConfigurationList;
			buildConfigurations = (
				DB0A6A662E465B7E00ADAEF2 /* Debug */,
				DB0A6A672E465B7E00ADAEF2 /* Release */,
			);
			defaultConfigurationIsVisible = 0;
			defaultConfigurationName = Release;
		};
		DB0A6A682E465B7E00ADAEF2 /* Build configuration list for PBXNativeTarget "WeeklyChefUITests" */ = {
			isa = XCConfigurationList;
			buildConfigurations = (
				DB0A6A692E465B7E00ADAEF2 /* Debug */,
				DB0A6A6A2E465B7E00ADAEF2 /* Release */,
			);
			defaultConfigurationIsVisible = 0;
			defaultConfigurationName = Release;
		};
/* End XCConfigurationList section */

/* Begin XCRemoteSwiftPackageReference section */
		DBEED7402E46EDD800D967C8 /* XCRemoteSwiftPackageReference "firebase-ios-sdk" */ = {
			isa = XCRemoteSwiftPackageReference;
			repositoryURL = "https://github.com/firebase/firebase-ios-sdk";
			requirement = {
				kind = upToNextMajorVersion;
				minimumVersion = 12.1.0;
			};
		};
/* End XCRemoteSwiftPackageReference section */

/* Begin XCSwiftPackageProductDependency section */
		DBEED7422E46F9F600D967C8 /* FirebaseAuth */ = {
			isa = XCSwiftPackageProductDependency;
			package = DBEED7402E46EDD800D967C8 /* XCRemoteSwiftPackageReference "firebase-ios-sdk" */;
			productName = FirebaseAuth;
		};
		DBEED7442E46F9F600D967C8 /* FirebaseCore */ = {
			isa = XCSwiftPackageProductDependency;
			package = DBEED7402E46EDD800D967C8 /* XCRemoteSwiftPackageReference "firebase-ios-sdk" */;
			productName = FirebaseCore;
		};
		DBEED7462E46F9F600D967C8 /* FirebaseFirestore */ = {
			isa = XCSwiftPackageProductDependency;
			package = DBEED7402E46EDD800D967C8 /* XCRemoteSwiftPackageReference "firebase-ios-sdk" */;
			productName = FirebaseFirestore;
		};
/* End XCSwiftPackageProductDependency section */
	};
	rootObject = DB0A6A382E465B7D00ADAEF2 /* Project object */;
}
